
Microsoft Visual Studio Solution File, Format Version 12.00
# Visual Studio 2012
Project("{FAE04EC0-301F-11D3-BF4B-00C04F79EFBC}") = "FastReadServer", "FastReadServer\FastReadServer.csproj", "{A263A6EF-804B-4234-8476-6C7A7A2D507C}"
EndProject
Global
	GlobalSection(SolutionConfigurationPlatforms) = preSolution
		Debug|Any CPU = Debug|Any CPU
		Release|Any CPU = Release|Any CPU
	EndGlobalSection
	GlobalSection(ProjectConfigurationPlatforms) = postSolution
		{A263A6EF-804B-4234-8476-6C7A7A2D507C}.Debug|Any CPU.ActiveCfg = Debug|Any CPU
		{A263A6EF-804B-4234-8476-6C7A7A2D507C}.Debug|Any CPU.Build.0 = Debug|Any CPU
		{A263A6EF-804B-4234-8476-6C7A7A2D507C}.Release|Any CPU.ActiveCfg = Release|Any CPU
		{A263A6EF-804B-4234-8476-6C7A7A2D507C}.Release|Any CPU.Build.0 = Release|Any CPU
	EndGlobalSection
	GlobalSection(SolutionProperties) = preSolution
		HideSolutionNode = FALSE
	EndGlobalSection
EndGlobal
